
Microsoft Visual Studio Solution File, Format Version 12.00
# Visual Studio Version 17
VisualStudioVersion = 17.5.002.0
MinimumVisualStudioVersion = 10.0.40219.1
Project("{9A19103F-16F7-4668-BE54-9A1E7A4F7556}") = "PlaywrightExperiments", "src\PlaywrightExperiments.csproj", "{4A42FEC6-6BCA-4CE6-9E8B-D88A5521ED47}"
EndProject
Project("{2150E333-8FDC-42A3-9474-1A3956D46DE8}") = "Solution Items", "Solution Items", "{197675FA-82AE-4068-9FAD-86D6F9B07838}"
	ProjectSection(SolutionItems) = preProject
		README.md = README.md
	EndProjectSection
EndProject
Global
	GlobalSection(SolutionConfigurationPlatforms) = preSolution
		Debug|Any CPU = Debug|Any CPU
		Release|Any CPU = Release|Any CPU
	EndGlobalSection
	GlobalSection(ProjectConfigurationPlatforms) = postSolution
		{4A42FEC6-6BCA-4CE6-9E8B-D88A5521ED47}.Debug|Any CPU.ActiveCfg = Debug|Any CPU
		{4A42FEC6-6BCA-4CE6-9E8B-D88A5521ED47}.Debug|Any CPU.Build.0 = Debug|Any CPU
		{4A42FEC6-6BCA-4CE6-9E8B-D88A5521ED47}.Release|Any CPU.ActiveCfg = Release|Any CPU
		{4A42FEC6-6BCA-4CE6-9E8B-D88A5521ED47}.Release|Any CPU.Build.0 = Release|Any CPU
	EndGlobalSection
	GlobalSection(SolutionProperties) = preSolution
		HideSolutionNode = FALSE
	EndGlobalSection
	GlobalSection(ExtensibilityGlobals) = postSolution
		SolutionGuid = {0243626F-D93F-4E8B-A818-B3219C171DF2}
	EndGlobalSection
EndGlobal
